{
  "name": "npm",
  "lockfileVersion": 3,
  "requires": true,
  "packages": {
    "": {
      "dependencies": {
        "weconsole": "^1.3.0"
      }
    },
    "node_modules/@cross-virtual-list/core": {
      "version": "0.2.0",
      "resolved": "https://registry.npmmirror.com/@cross-virtual-list/core/-/core-0.2.0.tgz",
      "integrity": "sha512-4bPuWLKH8c9y3SH5wqcFhGchj32DJDuiH37NyK5M25v9nv+MneN6KpIX8injtupFOgo4rfg0LvEKax3+FPP+HA=="
    },
    "node_modules/@cross-virtual-list/mp-wx": {
      "version": "0.2.0",
      "resolved": "https://registry.npmmirror.com/@cross-virtual-list/mp-wx/-/mp-wx-0.2.0.tgz",
      "integrity": "sha512-KEQ3V1sL92XP/ee9q4BY1LrB2UC7YIhOlSM1VGB8ZwxItaN//gRavJUe/wTOELXvYZerAb02DRLxyr4zaGosDA==",
      "dependencies": {
        "@cross-virtual-list/core": "0.2.0",
        "typescript-mp-component": "0.1.1"
      }
    },
    "node_modules/@cross-virtual-list/types": {
      "version": "0.2.0",
      "resolved": "https://registry.npmmirror.com/@cross-virtual-list/types/-/types-0.2.0.tgz",
      "integrity": "sha512-dOQZupNnzhja7D/IONugP5IZPoROwm21UnbZTHUimmBolUp7yXDmkve4Qw9d+6f8NPuZTgmZLmOY/c3Tr6SjbQ=="
    },
    "node_modules/@mpkit/func-helper": {
      "version": "1.1.2",
      "resolved": "https://registry.npmmirror.com/@mpkit/func-helper/-/func-helper-1.1.2.tgz",
      "integrity": "sha512-Vr36GVy5YrZnRKe7QvGGN4yzlUaPTtEwPrWxr65FDIvbQc8LXG9jd1L0IN9pmAdH1pJlxJTO5KZ33fE7aMC4/g==",
      "dependencies": {
        "@mpkit/types": "^1.1.2"
      }
    },
    "node_modules/@mpkit/types": {
      "version": "1.1.2",
      "resolved": "https://registry.npmmirror.com/@mpkit/types/-/types-1.1.2.tgz",
      "integrity": "sha512-KBMrdOMNFKUUrZK5XNVNrp/GEaxr6HOC4ydHK9r/BlSMqhF4JvJ9eaxD26hhCmlHg3YDJbPmX207/8yCqukd5w==",
      "peerDependencies": {
        "forgiving-xml-parser": "^1.4.0"
      }
    },
    "node_modules/@mpkit/util": {
      "version": "1.1.2",
      "resolved": "https://registry.npmmirror.com/@mpkit/util/-/util-1.1.2.tgz",
      "integrity": "sha512-JXH9hHoiZvomHFygNKZGelE156sUtR7KFgg6sqFsU/zGFbrx84LV3fCVUBg5y/RrmOpCdeDm5WpmwHiTs2ruxQ==",
      "dependencies": {
        "@mpkit/types": "^1.1.2"
      }
    },
    "node_modules/forgiving-xml-parser": {
      "version": "1.4.2",
      "resolved": "https://registry.npmmirror.com/forgiving-xml-parser/-/forgiving-xml-parser-1.4.2.tgz",
      "integrity": "sha512-SWympg6xqVGW5SaYBN24et6Jwxhgn8UckxTu6HV4gi9nY3hi7k7/bTQfcvlQynWcCKym4h4UqHY7YAsea9+oQA==",
      "peer": true
    },
    "node_modules/typescript": {
      "version": "5.3.3",
      "resolved": "https://registry.npmmirror.com/typescript/-/typescript-5.3.3.tgz",
      "integrity": "sha512-pXWcraxM0uxAS+tN0AG/BF2TyqmHO014Z070UsJ+pFvYuRSq8KH8DmWpnbXe0pEPDHXZV3FcAbJkijJ5oNEnWw==",
      "bin": {
        "tsc": "bin/tsc",
        "tsserver": "bin/tsserver"
      },
      "engines": {
        "node": ">=14.17"
      }
    },
    "node_modules/typescript-mp-component": {
      "version": "0.1.1",
      "resolved": "https://registry.npmmirror.com/typescript-mp-component/-/typescript-mp-component-0.1.1.tgz",
      "integrity": "sha512-LTGk+ba/vrV/ouPEpkprTAvxq6+WOSTObN4Ndp8Ib2TazjYe5Nli/gQP//I34F4gc2QxKVnpiSguFaGZoTztsQ=="
    },
    "node_modules/weconsole": {
      "version": "1.3.0",
      "resolved": "https://registry.npmmirror.com/weconsole/-/weconsole-1.3.0.tgz",
      "integrity": "sha512-NSp960U/3l0wxYByyQQ+sikLaK6TU0VFbQTuPheUjXdEaHrk8JRpjDQ04d0TA0RGOFvwjy+GgOWRebJD1VNqzg==",
      "dependencies": {
        "@cross-virtual-list/mp-wx": "0.2.0",
        "@cross-virtual-list/types": "0.2.0",
        "@mpkit/func-helper": "^1.1.2",
        "@mpkit/types": "^1.1.2",
        "@mpkit/util": "^1.1.2",
        "typescript": "^5.1.6",
        "typescript-mp-component": "0.1.1"
      }
    }
  }
}
